github.com/davecgh/go-spew v1.1.1 h1:vj9j/u1bqnvCEfJOwUhtlOARqs3+rkHYY13jYWTU97c=
github.com/davecgh/go-spew v1.1.1/go.mod h1:J7Y8YcW2NihsgmVo/mv3lAwl/skON4iLHjSsI+c5H38=
github.com/go-sql-driver/mysql v1.3.0 h1:pgwjLi/dvffoP9aabwkT3AKpXQM93QARkjFhDDqC1UE=
github.com/go-sql-driver/mysql v1.3.0/go.mod h1:zAC/RDZ24gD3HViQzih4MyKcchzm+sOG5ZlKdlhCg5w=
github.com/google/go-cmp v0.1.0 h1:9tmYDKxX2N1am4Ooz6a2HC7DfK0CWNuhT8T/Fi/bvtA=
github.com/google/go-cmp v0.1.0/go.mod h1:oXzfMopK8JAjlY9xF4vHSVASa0yLyX7SntLO5aqRK0M=
github.com/lestrrat/go-tcputil v0.0.0-20140425055951-3cae7c8432ae h1:0GGdZUsFNdeMk7ctFOInUzhQmwGsWLGC+y2BlHCXS+U=
github.com/lestrrat/go-tcputil v0.0.0-20140425055951-3cae7c8432ae/go.mod h1:B+/nnJuKL4WcXSYfHy1SqQeHbl58EeOVNOJvXmtgi+k=
github.com/lestrrat/go-test-mysqld v0.0.0-20161118000117-efcad5e3def2 h1:O472JmjeCqnUm2s9OCxtHqOQnUB8+eNFT6vcoOBWR7Y=
github.com/lestrrat/go-test-mysqld v0.0.0-20161118000117-efcad5e3def2/go.mod h1:NAqKFxaMS3CljQDZCh03ksMJJYbOG3o1XoFJZduxsI8=
github.com/pkg/errors v0.8.0 h1:WdK/asTD0HN+q6hsWO3/vpuAkAr+tw6aNJNDFFf0+qw=
github.com/pkg/errors v0.8.0/go.mod h1:bwawxfHBFNV+L2hUp1rHADufV3IMtnDRdf1r5NINEl0=
github.com/pmezard/go-difflib v1.0.0 h1:4DBwDE0NGyQoBHbLQYPwSUPoCMWR5BEzIk/f1lZbAQM=
github.com/pmezard/go-difflib v1.0.0/go.mod h1:iKH77koFhYxTK1pcRnkKkqfTogsbg7gZNVY4sRDYZ/4=
github.com/stretchr/testify v1.8.4 h1:CcVxjf3Q8PM0mHUKJCdn+eZZtm5yQwehR5yeSVQQcUk=
github.com/stretchr/testify v1.8.4/go.mod h1:sz/lmYIOXD/1dqDmKjjqLyZ2RngseejIcXlSw2iwfAo=
gopkg.in/yaml.v3 v3.0.1 h1:fxVm/GzAzEWqLHuvctI91KS9hhNmmWOoWu0XTYJS7CA=
gopkg.in/yaml.v3 v3.0.1/go.mod h1:K4uyk7z7BCEPqu6E+C64Yfv1cQ7kz7rIZviUmN+EgEM=
