# This file is autogenerated, do not edit; changes may be undone by the next 'dep ensure'.


[[projects]]
  name = "github.com/go-sql-driver/mysql"
  packages = ["."]
  revision = "a0583e0143b1624142adab07e0e97fe106d99561"
  version = "v1.3"

[[projects]]
  name = "github.com/google/go-cmp"
  packages = ["cmp","cmp/internal/diff","cmp/internal/function","cmp/internal/value"]
  revision = "8099a9787ce5dc5984ed879a3bda47dc730a8e97"
  version = "v0.1.0"

[[projects]]
  branch = "master"
  name = "github.com/lestrrat/go-tcputil"
  packages = ["."]
  revision = "3cae7c8432aeb817399f001e0db3f5bb04e8b8a6"

[[projects]]
  branch = "master"
  name = "github.com/lestrrat/go-test-mysqld"
  packages = ["."]
  revision = "efcad5e3def274f89483d96eec81e48f683ecd6e"

[[projects]]
  name = "github.com/pkg/errors"
  packages = ["."]
  revision = "645ef00459ed84a119197bfb8d8205042c6df63d"
  version = "v0.8.0"

[solve-meta]
  analyzer-name = "dep"
  analyzer-version = 1
  inputs-digest = "6ebce74045d70f194d87090f35df2afac117ccc4ba3bd4384072a493f13694cc"
  solver-name = "gps-cdcl"
  solver-version = 1
